
Microsoft Visual Studio Solution File, Format Version 12.00
Project("{FAE04EC0-301F-11D3-BF4B-00C04F79EFBC}") = "Deliv.1", "Deliv.1\Deliv.1.csproj", "{C33B34AA-4707-4B24-BC38-7C7AD7608D53}"
EndProject
Global
	GlobalSection(SolutionConfigurationPlatforms) = preSolution
		Debug|Any CPU = Debug|Any CPU
		Release|Any CPU = Release|Any CPU
	EndGlobalSection
	GlobalSection(ProjectConfigurationPlatforms) = postSolution
		{C33B34AA-4707-4B24-BC38-7C7AD7608D53}.Debug|Any CPU.ActiveCfg = Debug|Any CPU
		{C33B34AA-4707-4B24-BC38-7C7AD7608D53}.Debug|Any CPU.Build.0 = Debug|Any CPU
		{C33B34AA-4707-4B24-BC38-7C7AD7608D53}.Release|Any CPU.ActiveCfg = Release|Any CPU
		{C33B34AA-4707-4B24-BC38-7C7AD7608D53}.Release|Any CPU.Build.0 = Release|Any CPU
	EndGlobalSection
EndGlobal
